// !$*UTF8*$!
{
	archiveVersion = 1;
	classes = {
	};
	objectVersion = 55;
	objects = {

/* Begin PBXBuildFile section */
		660D747526F08AF000E4219C /* AppDelegate.swift in Sources */ = {isa = PBXBuildFile; fileRef = 660D747426F08AF000E4219C /* AppDelegate.swift */; };
		660D747726F08AF000E4219C /* SceneDelegate.swift in Sources */ = {isa = PBXBuildFile; fileRef = 660D747626F08AF000E4219C /* SceneDelegate.swift */; };
		660D747926F08AF000E4219C /* QRCodeScannerViewController.swift in Sources */ = {isa = PBXBuildFile; fileRef = 660D747826F08AF000E4219C /* QRCodeScannerViewController.swift */; };
		660D747C26F08AF000E4219C /* Main.storyboard in Resources */ = {isa = PBXBuildFile; fileRef = 660D747A26F08AF000E4219C /* Main.storyboard */; };
		660D747E26F08AF200E4219C /* Assets.xcassets in Resources */ = {isa = PBXBuildFile; fileRef = 660D747D26F08AF200E4219C /* Assets.xcassets */; };
		660D748126F08AF200E4219C /* LaunchScreen.storyboard in Resources */ = {isa = PBXBuildFile; fileRef = 660D747F26F08AF200E4219C /* LaunchScreen.storyboard */; };
		660D748B26F08E7100E4219C /* QRCodeScanner.swift in Sources */ = {isa = PBXBuildFile; fileRef = 660D748A26F08E7100E4219C /* QRCodeScanner.swift */; };
		660D748D26F08E9700E4219C /* QRCodeScannerView.swift in Sources */ = {isa = PBXBuildFile; fileRef = 660D748C26F08E9700E4219C /* QRCodeScannerView.swift */; };
		660D748F26F0A47C00E4219C /* QRCodeScannerViewer.swift in Sources */ = {isa = PBXBuildFile; fileRef = 660D748E26F0A47C00E4219C /* QRCodeScannerViewer.swift */; };
		6614E8B0270041A300A43E0D /* QRCodeCreater.swift in Sources */ = {isa = PBXBuildFile; fileRef = 6614E8AF270041A300A43E0D /* QRCodeCreater.swift */; };
		6614E8B227004C2900A43E0D /* ViewController.swift in Sources */ = {isa = PBXBuildFile; fileRef = 6614E8B127004C2900A43E0D /* ViewController.swift */; };
		6614E8B427004CF700A43E0D /* QRCodeCreaterViewController.swift in Sources */ = {isa = PBXBuildFile; fileRef = 6614E8B327004CF700A43E0D /* QRCodeCreaterViewController.swift */; };
/* End PBXBuildFile section */

/* Begin PBXFileReference section */
		660D747126F08AF000E4219C /* QRCodeScanner.app */ = {isa = PBXFileReference; explicitFileType = wrapper.application; includeInIndex = 0; path = QRCodeScanner.app; sourceTree = BUILT_PRODUCTS_DIR; };
		660D747426F08AF000E4219C /* AppDelegate.swift */ = {isa = PBXFileReference; lastKnownFileType = sourcecode.swift; path = AppDelegate.swift; sourceTree = "<group>"; };
		660D747626F08AF000E4219C /* SceneDelegate.swift */ = {isa = PBXFileReference; lastKnownFileType = sourcecode.swift; path = SceneDelegate.swift; sourceTree = "<group>"; };
		660D747826F08AF000E4219C /* QRCodeScannerViewController.swift */ = {isa = PBXFileReference; lastKnownFileType = sourcecode.swift; path = QRCodeScannerViewController.swift; sourceTree = "<group>"; };
		660D747B26F08AF000E4219C /* Base */ = {isa = PBXFileReference; lastKnownFileType = file.storyboard; name = Base; path = Base.lproj/Main.storyboard; sourceTree = "<group>"; };
		660D747D26F08AF200E4219C /* Assets.xcassets */ = {isa = PBXFileReference; lastKnownFileType = folder.assetcatalog; path = Assets.xcassets; sourceTree = "<group>"; };
		660D748026F08AF200E4219C /* Base */ = {isa = PBXFileReference; lastKnownFileType = file.storyboard; name = Base; path = Base.lproj/LaunchScreen.storyboard; sourceTree = "<group>"; };
		660D748226F08AF200E4219C /* Info.plist */ = {isa = PBXFileReference; lastKnownFileType = text.plist.xml; path = Info.plist; sourceTree = "<group>"; };
		660D748A26F08E7100E4219C /* QRCodeScanner.swift */ = {isa = PBXFileReference; lastKnownFileType = sourcecode.swift; path = QRCodeScanner.swift; sourceTree = "<group>"; };
		660D748C26F08E9700E4219C /* QRCodeScannerView.swift */ = {isa = PBXFileReference; lastKnownFileType = sourcecode.swift; path = QRCodeScannerView.swift; sourceTree = "<group>"; };
		660D748E26F0A47C00E4219C /* QRCodeScannerViewer.swift */ = {isa = PBXFileReference; lastKnownFileType = sourcecode.swift; path = QRCodeScannerViewer.swift; sourceTree = "<group>"; };
		6614E8AF270041A300A43E0D /* QRCodeCreater.swift */ = {isa = PBXFileReference; lastKnownFileType = sourcecode.swift; path = QRCodeCreater.swift; sourceTree = "<group>"; };
		6614E8B127004C2900A43E0D /* ViewController.swift */ = {isa = PBXFileReference; lastKnownFileType = sourcecode.swift; path = ViewController.swift; sourceTree = "<group>"; };
		6614E8B327004CF700A43E0D /* QRCodeCreaterViewController.swift */ = {isa = PBXFileReference; lastKnownFileType = sourcecode.swift; path = QRCodeCreaterViewController.swift; sourceTree = "<group>"; };
/* End PBXFileReference section */

/* Begin PBXFrameworksBuildPhase section */
		660D746E26F08AF000E4219C /* Frameworks */ = {
			isa = PBXFrameworksBuildPhase;
			buildActionMask = 2147483647;
			files = (
			);
			runOnlyForDeploymentPostprocessing = 0;
		};
/* End PBXFrameworksBuildPhase section */

/* Begin PBXGroup section */
		660D746826F08AF000E4219C = {
			isa = PBXGroup;
			children = (
				660D747326F08AF000E4219C /* QRCodeScanner */,
				660D747226F08AF000E4219C /* Products */,
			);
			sourceTree = "<group>";
		};
		660D747226F08AF000E4219C /* Products */ = {
			isa = PBXGroup;
			children = (
				660D747126F08AF000E4219C /* QRCodeScanner.app */,
			);
			name = Products;
			sourceTree = "<group>";
		};
		660D747326F08AF000E4219C /* QRCodeScanner */ = {
			isa = PBXGroup;
			children = (
				660D747426F08AF000E4219C /* AppDelegate.swift */,
				660D747626F08AF000E4219C /* SceneDelegate.swift */,
				660D747826F08AF000E4219C /* QRCodeScannerViewController.swift */,
				660D748A26F08E7100E4219C /* QRCodeScanner.swift */,
				660D748C26F08E9700E4219C /* QRCodeScannerView.swift */,
				660D748E26F0A47C00E4219C /* QRCodeScannerViewer.swift */,
				6614E8AF270041A300A43E0D /* QRCodeCreater.swift */,
				6614E8B327004CF700A43E0D /* QRCodeCreaterViewController.swift */,
				6614E8B127004C2900A43E0D /* ViewController.swift */,
				660D747A26F08AF000E4219C /* Main.storyboard */,
				660D747D26F08AF200E4219C /* Assets.xcassets */,
				660D747F26F08AF200E4219C /* LaunchScreen.storyboard */,
				660D748226F08AF200E4219C /* Info.plist */,
			);
			path = QRCodeScanner;
			sourceTree = "<group>";
		};
/* End PBXGroup section */

/* Begin PBXNativeTarget section */
		660D747026F08AF000E4219C /* QRCodeScanner */ = {
			isa = PBXNativeTarget;
			buildConfigurationList = 660D748526F08AF200E4219C /* Build configuration list for PBXNativeTarget "QRCodeScanner" */;
			buildPhases = (
				660D746D26F08AF000E4219C /* Sources */,
				660D746E26F08AF000E4219C /* Frameworks */,
				660D746F26F08AF000E4219C /* Resources */,
			);
			buildRules = (
			);
			dependencies = (
			);
			name = QRCodeScanner;
			productName = QRCodeScanner;
			productReference = 660D747126F08AF000E4219C /* QRCodeScanner.app */;
			productType = "com.apple.product-type.application";
		};
/* End PBXNativeTarget section */

/* Begin PBXProject section */
		660D746926F08AF000E4219C /* Project object */ = {
			isa = PBXProject;
			attributes = {
				BuildIndependentTargetsInParallel = 1;
				LastSwiftUpdateCheck = 1300;
				LastUpgradeCheck = 1300;
				TargetAttributes = {
					660D747026F08AF000E4219C = {
						CreatedOnToolsVersion = 13.0;
					};
				};
			};
			buildConfigurationList = 660D746C26F08AF000E4219C /* Build configuration list for PBXProject "QRCodeScanner" */;
			compatibilityVersion = "Xcode 13.0";
			developmentRegion = en;
			hasScannedForEncodings = 0;
			knownRegions = (
				en,
				Base,
			);
			mainGroup = 660D746826F08AF000E4219C;
			productRefGroup = 660D747226F08AF000E4219C /* Products */;
			projectDirPath = "";
			projectRoot = "";
			targets = (
				660D747026F08AF000E4219C /* QRCodeScanner */,
			);
		};
/* End PBXProject section */

/* Begin PBXResourcesBuildPhase section */
		660D746F26F08AF000E4219C /* Resources */ = {
			isa = PBXResourcesBuildPhase;
			buildActionMask = 2147483647;
			files = (
				660D748126F08AF200E4219C /* LaunchScreen.storyboard in Resources */,
				660D747E26F08AF200E4219C /* Assets.xcassets in Resources */,
				660D747C26F08AF000E4219C /* Main.storyboard in Resources */,
			);
			runOnlyForDeploymentPostprocessing = 0;
		};
/* End PBXResourcesBuildPhase section */

/* Begin PBXSourcesBuildPhase section */
		660D746D26F08AF000E4219C /* Sources */ = {
			isa = PBXSourcesBuildPhase;
			buildActionMask = 2147483647;
			files = (
				660D747926F08AF000E4219C /* QRCodeScannerViewController.swift in Sources */,
				6614E8B227004C2900A43E0D /* ViewController.swift in Sources */,
				6614E8B427004CF700A43E0D /* QRCodeCreaterViewController.swift in Sources */,
				660D747526F08AF000E4219C /* AppDelegate.swift in Sources */,
				660D748F26F0A47C00E4219C /* QRCodeScannerViewer.swift in Sources */,
				660D748B26F08E7100E4219C /* QRCodeScanner.swift in Sources */,
				660D747726F08AF000E4219C /* SceneDelegate.swift in Sources */,
				660D748D26F08E9700E4219C /* QRCodeScannerView.swift in Sources */,
				6614E8B0270041A300A43E0D /* QRCodeCreater.swift in Sources */,
			);
			runOnlyForDeploymentPostprocessing = 0;
		};
/* End PBXSourcesBuildPhase section */

/* Begin PBXVariantGroup section */
		660D747A26F08AF000E4219C /* Main.storyboard */ = {
			isa = PBXVariantGroup;
			children = (
				660D747B26F08AF000E4219C /* Base */,
			);
			name = Main.storyboard;
			sourceTree = "<group>";
		};
		660D747F26F08AF200E4219C /* LaunchScreen.storyboard */ = {
			isa = PBXVariantGroup;
			children = (
				660D748026F08AF200E4219C /* Base */,
			);
			name = LaunchScreen.storyboard;
			sourceTree = "<group>";
		};
/* End PBXVariantGroup section */

/* Begin XCBuildConfiguration section */
		660D748326F08AF200E4219C /* Debug */ = {
			isa = XCBuildConfiguration;
			buildSettings = {
				ALWAYS_SEARCH_USER_PATHS = NO;
				CLANG_ANALYZER_NONNULL = YES;
				CLANG_ANALYZER_NUMBER_OBJECT_CONVERSION = YES_AGGRESSIVE;
				CLANG_CXX_LANGUAGE_STANDARD = "gnu++17";
				CLANG_CXX_LIBRARY = "libc++";
				CLANG_ENABLE_MODULES = YES;
				CLANG_ENABLE_OBJC_ARC = YES;
				CLANG_ENABLE_OBJC_WEAK = YES;
				CLANG_WARN_BLOCK_CAPTURE_AUTORELEASING = YES;
				CLANG_WARN_BOOL_CONVERSION = YES;
				CLANG_WARN_COMMA = YES;
				CLANG_WARN_CONSTANT_CONVERSION = YES;
				CLANG_WARN_DEPRECATED_OBJC_IMPLEMENTATIONS = YES;
				CLANG_WARN_DIRECT_OBJC_ISA_USAGE = YES_ERROR;
				CLANG_WARN_DOCUMENTATION_COMMENTS = YES;
				CLANG_WARN_EMPTY_BODY = YES;
				CLANG_WARN_ENUM_CONVERSION = YES;
				CLANG_WARN_INFINITE_RECURSION = YES;
				CLANG_WARN_INT_CONVERSION = YES;
				CLANG_WARN_NON_LITERAL_NULL_CONVERSION = YES;
				CLANG_WARN_OBJC_IMPLICIT_RETAIN_SELF = YES;
				CLANG_WARN_OBJC_LITERAL_CONVERSION = YES;
				CLANG_WARN_OBJC_ROOT_CLASS = YES_ERROR;
				CLANG_WARN_QUOTED_INCLUDE_IN_FRAMEWORK_HEADER = YES;
				CLANG_WARN_RANGE_LOOP_ANALYSIS = YES;
				CLANG_WARN_STRICT_PROTOTYPES = YES;
				CLANG_WARN_SUSPICIOUS_MOVE = YES;
				CLANG_WARN_UNGUARDED_AVAILABILITY = YES_AGGRESSIVE;
				CLANG_WARN_UNREACHABLE_CODE = YES;
				CLANG_WARN__DUPLICATE_METHOD_MATCH = YES;
				COPY_PHASE_STRIP = NO;
				DEBUG_INFORMATION_FORMAT = dwarf;
				ENABLE_STRICT_OBJC_MSGSEND = YES;
				ENABLE_TESTABILITY = YES;
				GCC_C_LANGUAGE_STANDARD = gnu11;
				GCC_DYNAMIC_NO_PIC = NO;
				GCC_NO_COMMON_BLOCKS = YES;
				GCC_OPTIMIZATION_LEVEL = 0;
				GCC_PREPROCESSOR_DEFINITIONS = (
					"DEBUG=1",
					"$(inherited)",
				);
				GCC_WARN_64_TO_32_BIT_CONVERSION = YES;
				GCC_WARN_ABOUT_RETURN_TYPE = YES_ERROR;
				GCC_WARN_UNDECLARED_SELECTOR = YES;
				GCC_WARN_UNINITIALIZED_AUTOS = YES_AGGRESSIVE;
				GCC_WARN_UNUSED_FUNCTION = YES;
				GCC_WARN_UNUSED_VARIABLE = YES;
				IPHONEOS_DEPLOYMENT_TARGET = 15.0;
				MTL_ENABLE_DEBUG_INFO = INCLUDE_SOURCE;
				MTL_FAST_MATH = YES;
				ONLY_ACTIVE_ARCH = YES;
				SDKROOT = iphoneos;
				SWIFT_ACTIVE_COMPILATION_CONDITIONS = DEBUG;
				SWIFT_OPTIMIZATION_LEVEL = "-Onone";
			};
			name = Debug;
		};
		660D748426F08AF200E4219C /* Release */ = {
			isa = XCBuildConfiguration;
			buildSettings = {
				ALWAYS_SEARCH_USER_PATHS = NO;
				CLANG_ANALYZER_NONNULL = YES;
				CLANG_ANALYZER_NUMBER_OBJECT_CONVERSION = YES_AGGRESSIVE;
				CLANG_CXX_LANGUAGE_STANDARD = "gnu++17";
				CLANG_CXX_LIBRARY = "libc++";
				CLANG_ENABLE_MODULES = YES;
				CLANG_ENABLE_OBJC_ARC = YES;
				CLANG_ENABLE_OBJC_WEAK = YES;
				CLANG_WARN_BLOCK_CAPTURE_AUTORELEASING = YES;
				CLANG_WARN_BOOL_CONVERSION = YES;
				CLANG_WARN_COMMA = YES;
				CLANG_WARN_CONSTANT_CONVERSION = YES;
				CLANG_WARN_DEPRECATED_OBJC_IMPLEMENTATIONS = YES;
				CLANG_WARN_DIRECT_OBJC_ISA_USAGE = YES_ERROR;
				CLANG_WARN_DOCUMENTATION_COMMENTS = YES;
				CLANG_WARN_EMPTY_BODY = YES;
				CLANG_WARN_ENUM_CONVERSION = YES;
				CLANG_WARN_INFINITE_RECURSION = YES;
				CLANG_WARN_INT_CONVERSION = YES;
				CLANG_WARN_NON_LITERAL_NULL_CONVERSION = YES;
				CLANG_WARN_OBJC_IMPLICIT_RETAIN_SELF = YES;
				CLANG_WARN_OBJC_LITERAL_CONVERSION = YES;
				CLANG_WARN_OBJC_ROOT_CLASS = YES_ERROR;
				CLANG_WARN_QUOTED_INCLUDE_IN_FRAMEWORK_HEADER = YES;
				CLANG_WARN_RANGE_LOOP_ANALYSIS = YES;
				CLANG_WARN_STRICT_PROTOTYPES = YES;
				CLANG_WARN_SUSPICIOUS_MOVE = YES;
				CLANG_WARN_UNGUARDED_AVAILABILITY = YES_AGGRESSIVE;
				CLANG_WARN_UNREACHABLE_CODE = YES;
				CLANG_WARN__DUPLICATE_METHOD_MATCH = YES;
				COPY_PHASE_STRIP = NO;
				DEBUG_INFORMATION_FORMAT = "dwarf-with-dsym";
				ENABLE_NS_ASSERTIONS = NO;
				ENABLE_STRICT_OBJC_MSGSEND = YES;
				GCC_C_LANGUAGE_STANDARD = gnu11;
				GCC_NO_COMMON_BLOCKS = YES;
				GCC_WARN_64_TO_32_BIT_CONVERSION = YES;
				GCC_WARN_ABOUT_RETURN_TYPE = YES_ERROR;
				GCC_WARN_UNDECLARED_SELECTOR = YES;
				GCC_WARN_UNINITIALIZED_AUTOS = YES_AGGRESSIVE;
				GCC_WARN_UNUSED_FUNCTION = YES;
				GCC_WARN_UNUSED_VARIABLE = YES;
				IPHONEOS_DEPLOYMENT_TARGET = 15.0;
				MTL_ENABLE_DEBUG_INFO = NO;
				MTL_FAST_MATH = YES;
				SDKROOT = iphoneos;
				SWIFT_COMPILATION_MODE = wholemodule;
				SWIFT_OPTIMIZATION_LEVEL = "-O";
				VALIDATE_PRODUCT = YES;
			};
			name = Release;
		};
		660D748626F08AF200E4219C /* Debug */ = {
			isa = XCBuildConfiguration;
			buildSettings = {
				ASSETCATALOG_COMPILER_APPICON_NAME = AppIcon;
				ASSETCATALOG_COMPILER_GLOBAL_ACCENT_COLOR_NAME = AccentColor;
				CODE_SIGN_STYLE = Automatic;
				CURRENT_PROJECT_VERSION = 1;
				DEVELOPMENT_TEAM = DTH85SS4GJ;
				GENERATE_INFOPLIST_FILE = YES;
				INFOPLIST_FILE = QRCodeScanner/Info.plist;
				INFOPLIST_KEY_NSCameraUsageDescription = "需要使用相机进行二维码扫描";
				INFOPLIST_KEY_NSPhotoLibraryAddUsageDescription = "需要访问您的相册";
				INFOPLIST_KEY_UIApplicationSupportsIndirectInputEvents = YES;
				INFOPLIST_KEY_UILaunchStoryboardName = LaunchScreen;
				INFOPLIST_KEY_UIMainStoryboardFile = Main;
				INFOPLIST_KEY_UISupportedInterfaceOrientations_iPad = "UIInterfaceOrientationPortrait UIInterfaceOrientationPortraitUpsideDown UIInterfaceOrientationLandscapeLeft UIInterfaceOrientationLandscapeRight";
				INFOPLIST_KEY_UISupportedInterfaceOrientations_iPhone = "UIInterfaceOrientationPortrait UIInterfaceOrientationLandscapeLeft UIInterfaceOrientationLandscapeRight";
				IPHONEOS_DEPLOYMENT_TARGET = 13.0;
				LD_RUNPATH_SEARCH_PATHS = (
					"$(inherited)",
					"@executable_path/Frameworks",
				);
				MARKETING_VERSION = 1.0;
				PRODUCT_BUNDLE_IDENTIFIER = com.ilosic.QRCodeScanner;
				PRODUCT_NAME = "$(TARGET_NAME)";
				SWIFT_EMIT_LOC_STRINGS = YES;
				SWIFT_VERSION = 5.0;
				TARGETED_DEVICE_FAMILY = "1,2";
			};
			name = Debug;
		};
		660D748726F08AF200E4219C /* Release */ = {
			isa = XCBuildConfiguration;
			buildSettings = {
				ASSETCATALOG_COMPILER_APPICON_NAME = AppIcon;
				ASSETCATALOG_COMPILER_GLOBAL_ACCENT_COLOR_NAME = AccentColor;
				CODE_SIGN_STYLE = Automatic;
				CURRENT_PROJECT_VERSION = 1;
				DEVELOPMENT_TEAM = DTH85SS4GJ;
				GENERATE_INFOPLIST_FILE = YES;
				INFOPLIST_FILE = QRCodeScanner/Info.plist;
				INFOPLIST_KEY_NSCameraUsageDescription = "需要使用相机进行二维码扫描";
				INFOPLIST_KEY_NSPhotoLibraryAddUsageDescription = "需要访问您的相册";
				INFOPLIST_KEY_UIApplicationSupportsIndirectInputEvents = YES;
				INFOPLIST_KEY_UILaunchStoryboardName = LaunchScreen;
				INFOPLIST_KEY_UIMainStoryboardFile = Main;
				INFOPLIST_KEY_UISupportedInterfaceOrientations_iPad = "UIInterfaceOrientationPortrait UIInterfaceOrientationPortraitUpsideDown UIInterfaceOrientationLandscapeLeft UIInterfaceOrientationLandscapeRight";
				INFOPLIST_KEY_UISupportedInterfaceOrientations_iPhone = "UIInterfaceOrientationPortrait UIInterfaceOrientationLandscapeLeft UIInterfaceOrientationLandscapeRight";
				IPHONEOS_DEPLOYMENT_TARGET = 13.0;
				LD_RUNPATH_SEARCH_PATHS = (
					"$(inherited)",
					"@executable_path/Frameworks",
				);
				MARKETING_VERSION = 1.0;
				PRODUCT_BUNDLE_IDENTIFIER = com.ilosic.QRCodeScanner;
				PRODUCT_NAME = "$(TARGET_NAME)";
				SWIFT_EMIT_LOC_STRINGS = YES;
				SWIFT_VERSION = 5.0;
				TARGETED_DEVICE_FAMILY = "1,2";
			};
			name = Release;
		};
/* End XCBuildConfiguration section */

/* Begin XCConfigurationList section */
		660D746C26F08AF000E4219C /* Build configuration list for PBXProject "QRCodeScanner" */ = {
			isa = XCConfigurationList;
			buildConfigurations = (
				660D748326F08AF200E4219C /* Debug */,
				660D748426F08AF200E4219C /* Release */,
			);
			defaultConfigurationIsVisible = 0;
			defaultConfigurationName = Release;
		};
		660D748526F08AF200E4219C /* Build configuration list for PBXNativeTarget "QRCodeScanner" */ = {
			isa = XCConfigurationList;
			buildConfigurations = (
				660D748626F08AF200E4219C /* Debug */,
				660D748726F08AF200E4219C /* Release */,
			);
			defaultConfigurationIsVisible = 0;
			defaultConfigurationName = Release;
		};
/* End XCConfigurationList section */
	};
	rootObject = 660D746926F08AF000E4219C /* Project object */;
}
